
Microsoft Visual Studio Solution File, Format Version 12.00
# Visual Studio Version 16
VisualStudioVersion = 16.0.29009.5
MinimumVisualStudioVersion = 10.0.40219.1
Project("{FAE04EC0-301F-11D3-BF4B-00C04F79EFBC}") = "SimpleServer", "Server\SimpleServer.csproj", "{CA3FC65A-9ED0-43EF-A9BB-C9C62E896B33}"
EndProject
Project("{FAE04EC0-301F-11D3-BF4B-00C04F79EFBC}") = "SimpleClient", "Client\SimpleClient.csproj", "{E92FCE53-5115-4671-8539-36075B116C15}"
EndProject
Global
	GlobalSection(SolutionConfigurationPlatforms) = preSolution
		Debug|Any CPU = Debug|Any CPU
		Release|Any CPU = Release|Any CPU
	EndGlobalSection
	GlobalSection(ProjectConfigurationPlatforms) = postSolution
		{CA3FC65A-9ED0-43EF-A9BB-C9C62E896B33}.Debug|Any CPU.ActiveCfg = Debug|Any CPU
		{CA3FC65A-9ED0-43EF-A9BB-C9C62E896B33}.Debug|Any CPU.Build.0 = Debug|Any CPU
		{CA3FC65A-9ED0-43EF-A9BB-C9C62E896B33}.Release|Any CPU.ActiveCfg = Release|Any CPU
		{CA3FC65A-9ED0-43EF-A9BB-C9C62E896B33}.Release|Any CPU.Build.0 = Release|Any CPU
		{E92FCE53-5115-4671-8539-36075B116C15}.Debug|Any CPU.ActiveCfg = Debug|Any CPU
		{E92FCE53-5115-4671-8539-36075B116C15}.Debug|Any CPU.Build.0 = Debug|Any CPU
		{E92FCE53-5115-4671-8539-36075B116C15}.Release|Any CPU.ActiveCfg = Release|Any CPU
		{E92FCE53-5115-4671-8539-36075B116C15}.Release|Any CPU.Build.0 = Release|Any CPU
	EndGlobalSection
	GlobalSection(SolutionProperties) = preSolution
		HideSolutionNode = FALSE
	EndGlobalSection
	GlobalSection(ExtensibilityGlobals) = postSolution
		SolutionGuid = {452C337C-E1A7-418A-9D73-02C9CD8EFC5F}
	EndGlobalSection
EndGlobal
